
Microsoft Visual Studio Solution File, Format Version 12.00
# Visual Studio Version 17
VisualStudioVersion = 17.11.35327.3
MinimumVisualStudioVersion = 10.0.40219.1
Project("{FAE04EC0-301F-11D3-BF4B-00C04F79EFBC}") = "Inventory_App", "Inventory_App\Inventory_App.csproj", "{277406A3-3458-4B70-9931-A1BB83E0C889}"
EndProject
Global
	GlobalSection(SolutionConfigurationPlatforms) = preSolution
		Debug|Any CPU = Debug|Any CPU
		Release|Any CPU = Release|Any CPU
	EndGlobalSection
	GlobalSection(ProjectConfigurationPlatforms) = postSolution
		{277406A3-3458-4B70-9931-A1BB83E0C889}.Debug|Any CPU.ActiveCfg = Debug|Any CPU
		{277406A3-3458-4B70-9931-A1BB83E0C889}.Debug|Any CPU.Build.0 = Debug|Any CPU
		{277406A3-3458-4B70-9931-A1BB83E0C889}.Release|Any CPU.ActiveCfg = Release|Any CPU
		{277406A3-3458-4B70-9931-A1BB83E0C889}.Release|Any CPU.Build.0 = Release|Any CPU
	EndGlobalSection
	GlobalSection(SolutionProperties) = preSolution
		HideSolutionNode = FALSE
	EndGlobalSection
	GlobalSection(ExtensibilityGlobals) = postSolution
		SolutionGuid = {41F13DC4-CB7B-4664-A12F-0D54C10253EA}
	EndGlobalSection
EndGlobal
